
Microsoft Visual Studio Solution File, Format Version 12.00
# Visual Studio Version 16
VisualStudioVersion = 16.0.30717.126
MinimumVisualStudioVersion = 10.0.40219.1
Project("{FAE04EC0-301F-11D3-BF4B-00C04F79EFBC}") = "BolotinTour", "BolotinTour\BolotinTour.csproj", "{D4939286-D568-4C97-98D9-2BEA833AA4F5}"
EndProject
Global
	GlobalSection(SolutionConfigurationPlatforms) = preSolution
		Debug|Any CPU = Debug|Any CPU
		Release|Any CPU = Release|Any CPU
	EndGlobalSection
	GlobalSection(ProjectConfigurationPlatforms) = postSolution
		{D4939286-D568-4C97-98D9-2BEA833AA4F5}.Debug|Any CPU.ActiveCfg = Debug|Any CPU
		{D4939286-D568-4C97-98D9-2BEA833AA4F5}.Debug|Any CPU.Build.0 = Debug|Any CPU
		{D4939286-D568-4C97-98D9-2BEA833AA4F5}.Release|Any CPU.ActiveCfg = Release|Any CPU
		{D4939286-D568-4C97-98D9-2BEA833AA4F5}.Release|Any CPU.Build.0 = Release|Any CPU
	EndGlobalSection
	GlobalSection(SolutionProperties) = preSolution
		HideSolutionNode = FALSE
	EndGlobalSection
	GlobalSection(ExtensibilityGlobals) = postSolution
		SolutionGuid = {7EDD8632-8A41-46D3-B018-4869D9E13889}
	EndGlobalSection
EndGlobal
